
Microsoft Visual Studio Solution File, Format Version 12.00
# Visual Studio Version 16
VisualStudioVersion = 16.0.31410.357
MinimumVisualStudioVersion = 10.0.40219.1
Project("{9A19103F-16F7-4668-BE54-9A1E7A4F7556}") = "wisp", "wisp\wisp.csproj", "{B719D2D2-BAE2-43DD-81DE-126AEB02B6CA}"
EndProject
Project("{9A19103F-16F7-4668-BE54-9A1E7A4F7556}") = "MonoGameDebug", "C:\Users\fifth\source\repos\MonoGameDebug\MonoGameDebug\MonoGameDebug.csproj", "{0E31AE8F-6565-4BF5-8157-D9BD4ADD07C0}"
EndProject
Global
	GlobalSection(SolutionConfigurationPlatforms) = preSolution
		Debug|Any CPU = Debug|Any CPU
		Release|Any CPU = Release|Any CPU
	EndGlobalSection
	GlobalSection(ProjectConfigurationPlatforms) = postSolution
		{B719D2D2-BAE2-43DD-81DE-126AEB02B6CA}.Debug|Any CPU.ActiveCfg = Debug|Any CPU
		{B719D2D2-BAE2-43DD-81DE-126AEB02B6CA}.Debug|Any CPU.Build.0 = Debug|Any CPU
		{B719D2D2-BAE2-43DD-81DE-126AEB02B6CA}.Release|Any CPU.ActiveCfg = Release|Any CPU
		{B719D2D2-BAE2-43DD-81DE-126AEB02B6CA}.Release|Any CPU.Build.0 = Release|Any CPU
		{0E31AE8F-6565-4BF5-8157-D9BD4ADD07C0}.Debug|Any CPU.ActiveCfg = Debug|Any CPU
		{0E31AE8F-6565-4BF5-8157-D9BD4ADD07C0}.Debug|Any CPU.Build.0 = Debug|Any CPU
		{0E31AE8F-6565-4BF5-8157-D9BD4ADD07C0}.Release|Any CPU.ActiveCfg = Release|Any CPU
		{0E31AE8F-6565-4BF5-8157-D9BD4ADD07C0}.Release|Any CPU.Build.0 = Release|Any CPU
	EndGlobalSection
	GlobalSection(SolutionProperties) = preSolution
		HideSolutionNode = FALSE
	EndGlobalSection
	GlobalSection(ExtensibilityGlobals) = postSolution
		SolutionGuid = {EBE31E6B-73C6-4E14-B1B4-72AE6129E770}
	EndGlobalSection
EndGlobal
